
Microsoft Visual Studio Solution File, Format Version 12.00
# Visual Studio Version 16
VisualStudioVersion = 16.0.31702.278
MinimumVisualStudioVersion = 10.0.40219.1
Project("{FAE04EC0-301F-11D3-BF4B-00C04F79EFBC}") = "Practicasemana11", "Practicasemana11.csproj", "{B00F3164-DDA1-448F-BFBE-32C93BA8C661}"
EndProject
Global
	GlobalSection(SolutionConfigurationPlatforms) = preSolution
		Debug|Any CPU = Debug|Any CPU
		Release|Any CPU = Release|Any CPU
	EndGlobalSection
	GlobalSection(ProjectConfigurationPlatforms) = postSolution
		{B00F3164-DDA1-448F-BFBE-32C93BA8C661}.Debug|Any CPU.ActiveCfg = Debug|Any CPU
		{B00F3164-DDA1-448F-BFBE-32C93BA8C661}.Debug|Any CPU.Build.0 = Debug|Any CPU
		{B00F3164-DDA1-448F-BFBE-32C93BA8C661}.Release|Any CPU.ActiveCfg = Release|Any CPU
		{B00F3164-DDA1-448F-BFBE-32C93BA8C661}.Release|Any CPU.Build.0 = Release|Any CPU
	EndGlobalSection
	GlobalSection(SolutionProperties) = preSolution
		HideSolutionNode = FALSE
	EndGlobalSection
	GlobalSection(ExtensibilityGlobals) = postSolution
		SolutionGuid = {30C8AE64-B39A-4010-8330-3BD62338DB70}
	EndGlobalSection
EndGlobal
